
Microsoft Visual Studio Solution File, Format Version 12.00
# Visual Studio Version 17
VisualStudioVersion = 17.4.33103.184
MinimumVisualStudioVersion = 10.0.40219.1
Project("{9A19103F-16F7-4668-BE54-9A1E7A4F7556}") = "Mod", "Mod.csproj", "{ACB7A983-C08B-4ABF-8807-197268F054EE}"
EndProject
Global
	GlobalSection(SolutionConfigurationPlatforms) = preSolution
		Debug|Any CPU = Debug|Any CPU
		Release|Any CPU = Release|Any CPU
	EndGlobalSection
	GlobalSection(ProjectConfigurationPlatforms) = postSolution
		{ACB7A983-C08B-4ABF-8807-197268F054EE}.Debug|Any CPU.ActiveCfg = Debug|Any CPU
		{ACB7A983-C08B-4ABF-8807-197268F054EE}.Debug|Any CPU.Build.0 = Debug|Any CPU
		{ACB7A983-C08B-4ABF-8807-197268F054EE}.Release|Any CPU.ActiveCfg = Release|Any CPU
		{ACB7A983-C08B-4ABF-8807-197268F054EE}.Release|Any CPU.Build.0 = Release|Any CPU
	EndGlobalSection
	GlobalSection(SolutionProperties) = preSolution
		HideSolutionNode = FALSE
	EndGlobalSection
	GlobalSection(ExtensibilityGlobals) = postSolution
		SolutionGuid = {333B3223-75ED-4A8A-92FE-A6B19B242838}
	EndGlobalSection
EndGlobal
